
Microsoft Visual Studio Solution File, Format Version 12.00
# Visual Studio Version 17
VisualStudioVersion = 17.10.35122.118
MinimumVisualStudioVersion = 10.0.40219.1
Project("{888888A0-9F3D-457C-B088-3A5042F75D52}") = "merge and sort", "merge and sort.pyproj", "{07A56E9D-B08A-44DD-BC47-255674C80245}"
EndProject
Global
	GlobalSection(SolutionConfigurationPlatforms) = preSolution
		Debug|Any CPU = Debug|Any CPU
		Release|Any CPU = Release|Any CPU
	EndGlobalSection
	GlobalSection(ProjectConfigurationPlatforms) = postSolution
		{07A56E9D-B08A-44DD-BC47-255674C80245}.Debug|Any CPU.ActiveCfg = Debug|Any CPU
		{07A56E9D-B08A-44DD-BC47-255674C80245}.Release|Any CPU.ActiveCfg = Release|Any CPU
	EndGlobalSection
	GlobalSection(SolutionProperties) = preSolution
		HideSolutionNode = FALSE
	EndGlobalSection
	GlobalSection(ExtensibilityGlobals) = postSolution
		SolutionGuid = {406B5D7E-7B53-47A1-AE83-D14B057795CD}
	EndGlobalSection
EndGlobal
